
Microsoft Visual Studio Solution File, Format Version 12.00
# Visual Studio Version 17
VisualStudioVersion = 17.14.36603.0 d17.14
MinimumVisualStudioVersion = 10.0.40219.1
Project("{FAE04EC0-301F-11D3-BF4B-00C04F79EFBC}") = "DIExample", "DIExample\DIExample.csproj", "{D5AE067C-AEE8-444E-8E51-57DAF1ACBFB4}"
EndProject
Project("{FAE04EC0-301F-11D3-BF4B-00C04F79EFBC}") = "Services", "Services\Services.csproj", "{27C12939-F4BE-486D-B862-5FB4A7131F36}"
EndProject
Project("{FAE04EC0-301F-11D3-BF4B-00C04F79EFBC}") = "ServiceContracts", "ServiceContracts\ServiceContracts.csproj", "{97C10868-3B67-45AA-80CA-B3F852F2EBE7}"
EndProject
Global
	GlobalSection(SolutionConfigurationPlatforms) = preSolution
		Debug|Any CPU = Debug|Any CPU
		Release|Any CPU = Release|Any CPU
	EndGlobalSection
	GlobalSection(ProjectConfigurationPlatforms) = postSolution
		{D5AE067C-AEE8-444E-8E51-57DAF1ACBFB4}.Debug|Any CPU.ActiveCfg = Debug|Any CPU
		{D5AE067C-AEE8-444E-8E51-57DAF1ACBFB4}.Debug|Any CPU.Build.0 = Debug|Any CPU
		{D5AE067C-AEE8-444E-8E51-57DAF1ACBFB4}.Release|Any CPU.ActiveCfg = Release|Any CPU
		{D5AE067C-AEE8-444E-8E51-57DAF1ACBFB4}.Release|Any CPU.Build.0 = Release|Any CPU
		{27C12939-F4BE-486D-B862-5FB4A7131F36}.Debug|Any CPU.ActiveCfg = Debug|Any CPU
		{27C12939-F4BE-486D-B862-5FB4A7131F36}.Debug|Any CPU.Build.0 = Debug|Any CPU
		{27C12939-F4BE-486D-B862-5FB4A7131F36}.Release|Any CPU.ActiveCfg = Release|Any CPU
		{27C12939-F4BE-486D-B862-5FB4A7131F36}.Release|Any CPU.Build.0 = Release|Any CPU
		{97C10868-3B67-45AA-80CA-B3F852F2EBE7}.Debug|Any CPU.ActiveCfg = Debug|Any CPU
		{97C10868-3B67-45AA-80CA-B3F852F2EBE7}.Debug|Any CPU.Build.0 = Debug|Any CPU
		{97C10868-3B67-45AA-80CA-B3F852F2EBE7}.Release|Any CPU.ActiveCfg = Release|Any CPU
		{97C10868-3B67-45AA-80CA-B3F852F2EBE7}.Release|Any CPU.Build.0 = Release|Any CPU
	EndGlobalSection
	GlobalSection(SolutionProperties) = preSolution
		HideSolutionNode = FALSE
	EndGlobalSection
	GlobalSection(ExtensibilityGlobals) = postSolution
		SolutionGuid = {75A5519B-853C-4B00-AF55-BA95B4044E62}
	EndGlobalSection
EndGlobal
