
Microsoft Visual Studio Solution File, Format Version 12.00
# Visual Studio Version 17
VisualStudioVersion = 17.14.36603.0
MinimumVisualStudioVersion = 10.0.40219.1
Project("{FAE04EC0-301F-11D3-BF4B-00C04F79EFBC}") = "ViewsExample", "ViewsExample\ViewsExample.csproj", "{5CE80D88-C29A-4DD8-82F6-1EF73D251375}"
EndProject
Project("{FAE04EC0-301F-11D3-BF4B-00C04F79EFBC}") = "Services", "Services\Services.csproj", "{74984C49-5073-453F-B340-87D54F94F515}"
EndProject
Project("{FAE04EC0-301F-11D3-BF4B-00C04F79EFBC}") = "Core", "Core\Core.csproj", "{FEF93DE0-7DB2-4F57-82F5-49006ED66B31}"
EndProject
Global
	GlobalSection(SolutionConfigurationPlatforms) = preSolution
		Debug|Any CPU = Debug|Any CPU
		Release|Any CPU = Release|Any CPU
	EndGlobalSection
	GlobalSection(ProjectConfigurationPlatforms) = postSolution
		{5CE80D88-C29A-4DD8-82F6-1EF73D251375}.Debug|Any CPU.ActiveCfg = Debug|Any CPU
		{5CE80D88-C29A-4DD8-82F6-1EF73D251375}.Debug|Any CPU.Build.0 = Debug|Any CPU
		{5CE80D88-C29A-4DD8-82F6-1EF73D251375}.Release|Any CPU.ActiveCfg = Release|Any CPU
		{5CE80D88-C29A-4DD8-82F6-1EF73D251375}.Release|Any CPU.Build.0 = Release|Any CPU
		{74984C49-5073-453F-B340-87D54F94F515}.Debug|Any CPU.ActiveCfg = Debug|Any CPU
		{74984C49-5073-453F-B340-87D54F94F515}.Debug|Any CPU.Build.0 = Debug|Any CPU
		{74984C49-5073-453F-B340-87D54F94F515}.Release|Any CPU.ActiveCfg = Release|Any CPU
		{74984C49-5073-453F-B340-87D54F94F515}.Release|Any CPU.Build.0 = Release|Any CPU
		{FEF93DE0-7DB2-4F57-82F5-49006ED66B31}.Debug|Any CPU.ActiveCfg = Debug|Any CPU
		{FEF93DE0-7DB2-4F57-82F5-49006ED66B31}.Debug|Any CPU.Build.0 = Debug|Any CPU
		{FEF93DE0-7DB2-4F57-82F5-49006ED66B31}.Release|Any CPU.ActiveCfg = Release|Any CPU
		{FEF93DE0-7DB2-4F57-82F5-49006ED66B31}.Release|Any CPU.Build.0 = Release|Any CPU
	EndGlobalSection
	GlobalSection(SolutionProperties) = preSolution
		HideSolutionNode = FALSE
	EndGlobalSection
	GlobalSection(ExtensibilityGlobals) = postSolution
		SolutionGuid = {931D2079-0FF3-4A8C-86D9-66597E6FC5A8}
	EndGlobalSection
EndGlobal
